// !$*UTF8*$!
{
	archiveVersion = 1;
	classes = {
	};
	objectVersion = 46;
	objects = {

/* Begin PBXBuildFile section */
		9F17B85D1D7D498B00B1F555 /* AppDelegate.swift in Sources */ = {isa = PBXBuildFile; fileRef = 9F17B85C1D7D498B00B1F555 /* AppDelegate.swift */; };
		9F17B85F1D7D498B00B1F555 /* SearchViewController.swift in Sources */ = {isa = PBXBuildFile; fileRef = 9F17B85E1D7D498B00B1F555 /* SearchViewController.swift */; };
		9F17B8621D7D498B00B1F555 /* Main.storyboard in Resources */ = {isa = PBXBuildFile; fileRef = 9F17B8601D7D498B00B1F555 /* Main.storyboard */; };
		9F17B8641D7D498B00B1F555 /* Assets.xcassets in Resources */ = {isa = PBXBuildFile; fileRef = 9F17B8631D7D498B00B1F555 /* Assets.xcassets */; };
		9F17B8671D7D498B00B1F555 /* LaunchScreen.storyboard in Resources */ = {isa = PBXBuildFile; fileRef = 9F17B8651D7D498B00B1F555 /* LaunchScreen.storyboard */; };
/* End PBXBuildFile section */

/* Begin PBXFileReference section */
		9F17B8591D7D498B00B1F555 /* StoreSearch.app */ = {isa = PBXFileReference; explicitFileType = wrapper.application; includeInIndex = 0; path = StoreSearch.app; sourceTree = BUILT_PRODUCTS_DIR; };
		9F17B85C1D7D498B00B1F555 /* AppDelegate.swift */ = {isa = PBXFileReference; lastKnownFileType = sourcecode.swift; path = AppDelegate.swift; sourceTree = "<group>"; };
		9F17B85E1D7D498B00B1F555 /* SearchViewController.swift */ = {isa = PBXFileReference; lastKnownFileType = sourcecode.swift; path = SearchViewController.swift; sourceTree = "<group>"; };
		9F17B8611D7D498B00B1F555 /* Base */ = {isa = PBXFileReference; lastKnownFileType = file.storyboard; name = Base; path = Base.lproj/Main.storyboard; sourceTree = "<group>"; };
		9F17B8631D7D498B00B1F555 /* Assets.xcassets */ = {isa = PBXFileReference; lastKnownFileType = folder.assetcatalog; path = Assets.xcassets; sourceTree = "<group>"; };
		9F17B8661D7D498B00B1F555 /* Base */ = {isa = PBXFileReference; lastKnownFileType = file.storyboard; name = Base; path = Base.lproj/LaunchScreen.storyboard; sourceTree = "<group>"; };
		9F17B8681D7D498B00B1F555 /* Info.plist */ = {isa = PBXFileReference; lastKnownFileType = text.plist.xml; path = Info.plist; sourceTree = "<group>"; };
/* End PBXFileReference section */

/* Begin PBXFrameworksBuildPhase section */
		9F17B8561D7D498B00B1F555 /* Frameworks */ = {
			isa = PBXFrameworksBuildPhase;
			buildActionMask = 2147483647;
			files = (
			);
			runOnlyForDeploymentPostprocessing = 0;
		};
/* End PBXFrameworksBuildPhase section */

/* Begin PBXGroup section */
		9F17B8501D7D498B00B1F555 = {
			isa = PBXGroup;
			children = (
				9F17B85B1D7D498B00B1F555 /* StoreSearch */,
				9F17B85A1D7D498B00B1F555 /* Products */,
			);
			sourceTree = "<group>";
		};
		9F17B85A1D7D498B00B1F555 /* Products */ = {
			isa = PBXGroup;
			children = (
				9F17B8591D7D498B00B1F555 /* StoreSearch.app */,
			);
			name = Products;
			sourceTree = "<group>";
		};
		9F17B85B1D7D498B00B1F555 /* StoreSearch */ = {
			isa = PBXGroup;
			children = (
				9F17B85C1D7D498B00B1F555 /* AppDelegate.swift */,
				9F17B85E1D7D498B00B1F555 /* SearchViewController.swift */,
				9F17B8601D7D498B00B1F555 /* Main.storyboard */,
				9F17B8631D7D498B00B1F555 /* Assets.xcassets */,
				9F17B8651D7D498B00B1F555 /* LaunchScreen.storyboard */,
				9F17B8681D7D498B00B1F555 /* Info.plist */,
			);
			path = StoreSearch;
			sourceTree = "<group>";
		};
/* End PBXGroup section */

/* Begin PBXNativeTarget section */
		9F17B8581D7D498B00B1F555 /* StoreSearch */ = {
			isa = PBXNativeTarget;
			buildConfigurationList = 9F17B86B1D7D498B00B1F555 /* Build configuration list for PBXNativeTarget "StoreSearch" */;
			buildPhases = (
				9F17B8551D7D498B00B1F555 /* Sources */,
				9F17B8561D7D498B00B1F555 /* Frameworks */,
				9F17B8571D7D498B00B1F555 /* Resources */,
			);
			buildRules = (
			);
			dependencies = (
			);
			name = StoreSearch;
			productName = StoreSearch;
			productReference = 9F17B8591D7D498B00B1F555 /* StoreSearch.app */;
			productType = "com.apple.product-type.application";
		};
/* End PBXNativeTarget section */

/* Begin PBXProject section */
		9F17B8511D7D498B00B1F555 /* Project object */ = {
			isa = PBXProject;
			attributes = {
				LastSwiftUpdateCheck = 0730;
				LastUpgradeCheck = 0730;
				ORGANIZATIONNAME = "Gurkan Yilmaz";
				TargetAttributes = {
					9F17B8581D7D498B00B1F555 = {
						CreatedOnToolsVersion = 7.3.1;
						DevelopmentTeam = JP8T8ZDVB3;
					};
				};
			};
			buildConfigurationList = 9F17B8541D7D498B00B1F555 /* Build configuration list for PBXProject "StoreSearch" */;
			compatibilityVersion = "Xcode 3.2";
			developmentRegion = English;
			hasScannedForEncodings = 0;
			knownRegions = (
				en,
				Base,
			);
			mainGroup = 9F17B8501D7D498B00B1F555;
			productRefGroup = 9F17B85A1D7D498B00B1F555 /* Products */;
			projectDirPath = "";
			projectRoot = "";
			targets = (
				9F17B8581D7D498B00B1F555 /* StoreSearch */,
			);
		};
/* End PBXProject section */

/* Begin PBXResourcesBuildPhase section */
		9F17B8571D7D498B00B1F555 /* Resources */ = {
			isa = PBXResourcesBuildPhase;
			buildActionMask = 2147483647;
			files = (
				9F17B8671D7D498B00B1F555 /* LaunchScreen.storyboard in Resources */,
				9F17B8641D7D498B00B1F555 /* Assets.xcassets in Resources */,
				9F17B8621D7D498B00B1F555 /* Main.storyboard in Resources */,
			);
			runOnlyForDeploymentPostprocessing = 0;
		};
/* End PBXResourcesBuildPhase section */

/* Begin PBXSourcesBuildPhase section */
		9F17B8551D7D498B00B1F555 /* Sources */ = {
			isa = PBXSourcesBuildPhase;
			buildActionMask = 2147483647;
			files = (
				9F17B85F1D7D498B00B1F555 /* SearchViewController.swift in Sources */,
				9F17B85D1D7D498B00B1F555 /* AppDelegate.swift in Sources */,
			);
			runOnlyForDeploymentPostprocessing = 0;
		};
/* End PBXSourcesBuildPhase section */

/* Begin PBXVariantGroup section */
		9F17B8601D7D498B00B1F555 /* Main.storyboard */ = {
			isa = PBXVariantGroup;
			children = (
				9F17B8611D7D498B00B1F555 /* Base */,
			);
			name = Main.storyboard;
			sourceTree = "<group>";
		};
		9F17B8651D7D498B00B1F555 /* LaunchScreen.storyboard */ = {
			isa = PBXVariantGroup;
			children = (
				9F17B8661D7D498B00B1F555 /* Base */,
			);
			name = LaunchScreen.storyboard;
			sourceTree = "<group>";
		};
/* End PBXVariantGroup section */

/* Begin XCBuildConfiguration section */
		9F17B8691D7D498B00B1F555 /* Debug */ = {
			isa = XCBuildConfiguration;
			buildSettings = {
				ALWAYS_SEARCH_USER_PATHS = NO;
				CLANG_ANALYZER_NONNULL = YES;
				CLANG_CXX_LANGUAGE_STANDARD = "gnu++0x";
				CLANG_CXX_LIBRARY = "libc++";
				CLANG_ENABLE_MODULES = YES;
				CLANG_ENABLE_OBJC_ARC = YES;
				CLANG_WARN_BOOL_CONVERSION = YES;
				CLANG_WARN_CONSTANT_CONVERSION = YES;
				CLANG_WARN_DIRECT_OBJC_ISA_USAGE = YES_ERROR;
				CLANG_WARN_EMPTY_BODY = YES;
				CLANG_WARN_ENUM_CONVERSION = YES;
				CLANG_WARN_INT_CONVERSION = YES;
				CLANG_WARN_OBJC_ROOT_CLASS = YES_ERROR;
				CLANG_WARN_UNREACHABLE_CODE = YES;
				CLANG_WARN__DUPLICATE_METHOD_MATCH = YES;
				"CODE_SIGN_IDENTITY[sdk=iphoneos*]" = "iPhone Developer";
				COPY_PHASE_STRIP = NO;
				DEBUG_INFORMATION_FORMAT = dwarf;
				ENABLE_STRICT_OBJC_MSGSEND = YES;
				ENABLE_TESTABILITY = YES;
				GCC_C_LANGUAGE_STANDARD = gnu99;
				GCC_DYNAMIC_NO_PIC = NO;
				GCC_NO_COMMON_BLOCKS = YES;
				GCC_OPTIMIZATION_LEVEL = 0;
				GCC_PREPROCESSOR_DEFINITIONS = (
					"DEBUG=1",
					"$(inherited)",
				);
				GCC_WARN_64_TO_32_BIT_CONVERSION = YES;
				GCC_WARN_ABOUT_RETURN_TYPE = YES_ERROR;
				GCC_WARN_UNDECLARED_SELECTOR = YES;
				GCC_WARN_UNINITIALIZED_AUTOS = YES_AGGRESSIVE;
				GCC_WARN_UNUSED_FUNCTION = YES;
				GCC_WARN_UNUSED_VARIABLE = YES;
				IPHONEOS_DEPLOYMENT_TARGET = 9.3;
				MTL_ENABLE_DEBUG_INFO = YES;
				ONLY_ACTIVE_ARCH = YES;
				SDKROOT = iphoneos;
				SWIFT_OPTIMIZATION_LEVEL = "-Onone";
			};
			name = Debug;
		};
		9F17B86A1D7D498B00B1F555 /* Release */ = {
			isa = XCBuildConfiguration;
			buildSettings = {
				ALWAYS_SEARCH_USER_PATHS = NO;
				CLANG_ANALYZER_NONNULL = YES;
				CLANG_CXX_LANGUAGE_STANDARD = "gnu++0x";
				CLANG_CXX_LIBRARY = "libc++";
				CLANG_ENABLE_MODULES = YES;
				CLANG_ENABLE_OBJC_ARC = YES;
				CLANG_WARN_BOOL_CONVERSION = YES;
				CLANG_WARN_CONSTANT_CONVERSION = YES;
				CLANG_WARN_DIRECT_OBJC_ISA_USAGE = YES_ERROR;
				CLANG_WARN_EMPTY_BODY = YES;
				CLANG_WARN_ENUM_CONVERSION = YES;
				CLANG_WARN_INT_CONVERSION = YES;
				CLANG_WARN_OBJC_ROOT_CLASS = YES_ERROR;
				CLANG_WARN_UNREACHABLE_CODE = YES;
				CLANG_WARN__DUPLICATE_METHOD_MATCH = YES;
				"CODE_SIGN_IDENTITY[sdk=iphoneos*]" = "iPhone Developer";
				COPY_PHASE_STRIP = NO;
				DEBUG_INFORMATION_FORMAT = "dwarf-with-dsym";
				ENABLE_NS_ASSERTIONS = NO;
				ENABLE_STRICT_OBJC_MSGSEND = YES;
				GCC_C_LANGUAGE_STANDARD = gnu99;
				GCC_NO_COMMON_BLOCKS = YES;
				GCC_WARN_64_TO_32_BIT_CONVERSION = YES;
				GCC_WARN_ABOUT_RETURN_TYPE = YES_ERROR;
				GCC_WARN_UNDECLARED_SELECTOR = YES;
				GCC_WARN_UNINITIALIZED_AUTOS = YES_AGGRESSIVE;
				GCC_WARN_UNUSED_FUNCTION = YES;
				GCC_WARN_UNUSED_VARIABLE = YES;
				IPHONEOS_DEPLOYMENT_TARGET = 9.3;
				MTL_ENABLE_DEBUG_INFO = NO;
				SDKROOT = iphoneos;
				VALIDATE_PRODUCT = YES;
			};
			name = Release;
		};
		9F17B86C1D7D498B00B1F555 /* Debug */ = {
			isa = XCBuildConfiguration;
			buildSettings = {
				ASSETCATALOG_COMPILER_APPICON_NAME = AppIcon;
				CODE_SIGN_IDENTITY = "iPhone Developer";
				"CODE_SIGN_IDENTITY[sdk=iphoneos*]" = "iPhone Developer";
				INFOPLIST_FILE = StoreSearch/Info.plist;
				LD_RUNPATH_SEARCH_PATHS = "$(inherited) @executable_path/Frameworks";
				PRODUCT_BUNDLE_IDENTIFIER = poncikapps.StoreSearch;
				PRODUCT_NAME = "$(TARGET_NAME)";
				PROVISIONING_PROFILE = "";
			};
			name = Debug;
		};
		9F17B86D1D7D498B00B1F555 /* Release */ = {
			isa = XCBuildConfiguration;
			buildSettings = {
				ASSETCATALOG_COMPILER_APPICON_NAME = AppIcon;
				CODE_SIGN_IDENTITY = "iPhone Developer";
				"CODE_SIGN_IDENTITY[sdk=iphoneos*]" = "iPhone Developer";
				INFOPLIST_FILE = StoreSearch/Info.plist;
				LD_RUNPATH_SEARCH_PATHS = "$(inherited) @executable_path/Frameworks";
				PRODUCT_BUNDLE_IDENTIFIER = poncikapps.StoreSearch;
				PRODUCT_NAME = "$(TARGET_NAME)";
				PROVISIONING_PROFILE = "";
			};
			name = Release;
		};
/* End XCBuildConfiguration section */

/* Begin XCConfigurationList section */
		9F17B8541D7D498B00B1F555 /* Build configuration list for PBXProject "StoreSearch" */ = {
			isa = XCConfigurationList;
			buildConfigurations = (
				9F17B8691D7D498B00B1F555 /* Debug */,
				9F17B86A1D7D498B00B1F555 /* Release */,
			);
			defaultConfigurationIsVisible = 0;
			defaultConfigurationName = Release;
		};
		9F17B86B1D7D498B00B1F555 /* Build configuration list for PBXNativeTarget "StoreSearch" */ = {
			isa = XCConfigurationList;
			buildConfigurations = (
				9F17B86C1D7D498B00B1F555 /* Debug */,
				9F17B86D1D7D498B00B1F555 /* Release */,
			);
			defaultConfigurationIsVisible = 0;
		};
/* End XCConfigurationList section */
	};
	rootObject = 9F17B8511D7D498B00B1F555 /* Project object */;
}
